{"1.2.0",
[{<<"bear">>,{pkg,<<"bear">>,<<"0.8.7">>},4},
 {<<"cache">>,{pkg,<<"cache">>,<<"2.2.0">>},2},
 {<<"certifi">>,{pkg,<<"certifi">>,<<"2.5.1">>},3},
 {<<"cg_mon">>,
  {git,"https://github.com/rbkmoney/cg_mon.git",
       {ref,"5a87a37694e42b6592d3b4164ae54e0e87e24e18"}},
  2},
 {<<"cowboy">>,{pkg,<<"cowboy">>,<<"2.5.0">>},2},
 {<<"cowlib">>,{pkg,<<"cowlib">>,<<"2.6.0">>},3},
 {<<"damsel">>,
  {git,"https://github.com/rbkmoney/damsel.git",
       {ref,"90dcee85d6dc72779d3fcde62d464b6321ff21e9"}},
  0},
 {<<"dmt_client">>,
  {git,"https://github.com/rbkmoney/dmt_client.git",
       {ref,"9e11f50e9c4db32fe46d6f8a2429ca060a3acd57"}},
  0},
 {<<"dmt_core">>,
  {git,"https://github.com/rbkmoney/dmt_core.git",
       {ref,"5a0ff399dee3fd606bb864dd0e27ddde539345e2"}},
  1},
 {<<"erl_health">>,
  {git,"https://github.com/rbkmoney/erlang-health.git",
       {ref,"3a80bb43a93eb0e7a940d19912d9e35c2cbe91f9"}},
  1},
 {<<"folsom">>,
  {git,"https://github.com/folsom-project/folsom.git",
       {ref,"eeb1cc467eb64bd94075b95b8963e80d8b4df3df"}},
  3},
 {<<"genlib">>,
  {git,"https://github.com/rbkmoney/genlib.git",
       {ref,"4565a8d73f34a0b78cca32c9cd2b97d298bdadf8"}},
  0},
 {<<"gproc">>,{pkg,<<"gproc">>,<<"0.8.0">>},2},
 {<<"hackney">>,{pkg,<<"hackney">>,<<"1.15.2">>},2},
 {<<"how_are_you">>,
  {git,"https://github.com/rbkmoney/how_are_you.git",
       {ref,"8f11d17eeb6eb74096da7363a9df272fd3099718"}},
  2},
 {<<"idna">>,{pkg,<<"idna">>,<<"6.0.0">>},3},
 {<<"jsx">>,{pkg,<<"jsx">>,<<"2.8.0">>},2},
 {<<"metrics">>,{pkg,<<"metrics">>,<<"1.0.1">>},3},
 {<<"mimerl">>,{pkg,<<"mimerl">>,<<"1.2.0">>},3},
 {<<"parse_trans">>,{pkg,<<"parse_trans">>,<<"3.4.0">>},4},
 {<<"proper">>,{pkg,<<"proper">>,<<"1.3.0">>},0},
 {<<"ranch">>,{pkg,<<"ranch">>,<<"1.6.2">>},3},
 {<<"snowflake">>,
  {git,"https://github.com/rbkmoney/snowflake.git",
       {ref,"7f379ad5e389e1c96389a8d60bae8117965d6a6d"}},
  2},
 {<<"ssl_verify_fun">>,{pkg,<<"ssl_verify_fun">>,<<"1.1.5">>},3},
 {<<"thrift">>,
  {git,"https://github.com/rbkmoney/thrift_erlang.git",
       {ref,"4eda678c985d2894251b91ae43aacf7941846cc9"}},
  2},
 {<<"unicode_util_compat">>,{pkg,<<"unicode_util_compat">>,<<"0.4.1">>},4},
 {<<"woody">>,
  {git,"https://github.com/rbkmoney/woody_erlang.git",
       {ref,"d106ef66bdd9ac303e05e1d5cddde85e0fa5f36a"}},
  1}]}.
[
{pkg_hash,[
 {<<"bear">>, <<"16264309AE5D005D03718A5C82641FCC259C9E8F09ADEB6FD79CA4271168656F">>},
 {<<"cache">>, <<"3C11DBF4CD8FCD5787C95A5FB2A04038E3729CFCA0386016EEA8C953AB48A5AB">>},
 {<<"certifi">>, <<"867CE347F7C7D78563450A18A6A28A8090331E77FA02380B4A21962A65D36EE5">>},
 {<<"cowboy">>, <<"4EF3AE066EE10FE01EA3272EDC8F024347A0D3EB95F6FBB9AED556DACBFC1337">>},
 {<<"cowlib">>, <<"8AA629F81A0FC189F261DC98A42243FA842625FEEA3C7EC56C48F4CCDB55490F">>},
 {<<"gproc">>, <<"CEA02C578589C61E5341FCE149EA36CCEF236CC2ECAC8691FBA408E7EA77EC2F">>},
 {<<"hackney">>, <<"07E33C794F8F8964EE86CEBEC1A8ED88DB5070E52E904B8F12209773C1036085">>},
 {<<"idna">>, <<"689C46CBCDF3524C44D5F3DDE8001F364CD7608A99556D8FBD8239A5798D4C10">>},
 {<<"jsx">>, <<"749BEC6D205C694AE1786D62CEA6CC45A390437E24835FD16D12D74F07097727">>},
 {<<"metrics">>, <<"25F094DEA2CDA98213CECC3AEFF09E940299D950904393B2A29D191C346A8486">>},
 {<<"mimerl">>, <<"67E2D3F571088D5CFD3E550C383094B47159F3EEE8FFA08E64106CDF5E981BE3">>},
 {<<"parse_trans">>, <<"BB87AC362A03CA674EBB7D9D498F45C03256ADED7214C9101F7035EF44B798C7">>},
 {<<"proper">>, <<"C1ACD51C51DA17A2FE91D7A6FC6A0C25A6A9849D8DC77093533109D1218D8457">>},
 {<<"ranch">>, <<"6DB93C78F411EE033DBB18BA8234C5574883ACB9A75AF0FB90A9B82EA46AFA00">>},
 {<<"ssl_verify_fun">>, <<"6EAF7AD16CB568BB01753DBBD7A95FF8B91C7979482B95F38443FE2C8852A79B">>},
 {<<"unicode_util_compat">>, <<"D869E4C68901DD9531385BB0C8C40444EBF624E60B6962D95952775CAC5E90CD">>}]},
{pkg_hash_ext,[
 {<<"bear">>, <<"534217DCE6A719D59E54FB0EB7A367900DBFC5F85757E8C1F94269DF383F6D9B">>},
 {<<"cache">>, <<"3E7D6706DE5DF76C4D71C895B4BE62B01C3DE6EDB63197035E465C3BCE63F19B">>},
 {<<"certifi">>, <<"805ABD97539CAF89EC6D4732C91E62BA9DA0CDA51AC462380BBD28EE697A8C42">>},
 {<<"cowboy">>, <<"07763D253314BD76017157E3A33E2CD32C1500E0ECF7CEB4E80AA09D2939AA30">>},
 {<<"cowlib">>, <<"45A1A08E05E4C66F2AF665295955E337D52C2D33B1F1CF24D353CADEDDF34992">>},
 {<<"gproc">>, <<"580ADAFA56463B75263EF5A5DF4C86AF321F68694E7786CB057FD805D1E2A7DE">>},
 {<<"hackney">>, <<"E0100F8EF7D1124222C11AD362C857D3DF7CB5F4204054F9F0F4A728666591FC">>},
 {<<"idna">>, <<"4BDD305EB64E18B0273864920695CB18D7A2021F31A11B9C5FBCD9A253F936E2">>},
 {<<"jsx">>, <<"A8BA15D5BAC2C48B2BE1224A0542AD794538D79E2CC16841A4E24CA75F0F8378">>},
 {<<"metrics">>, <<"69B09ADDDC4F74A40716AE54D140F93BEB0FB8978D8636EADED0C31B6F099F16">>},
 {<<"mimerl">>, <<"F278585650AA581986264638EBF698F8BB19DF297F66AD91B18910DFC6E19323">>},
 {<<"parse_trans">>, <<"F99E368830BEA44552224E37E04943A54874F08B8590485DE8D13832B63A2DC3">>},
 {<<"proper">>, <<"4AA192FCCDDD03FDBE50FEF620BE9D4D2F92635B54F55FB83AEC185994403CBC">>},
 {<<"ranch">>, <<"0B65D1DE7F1EBE96FEB57803C8D698F7776B663BA10B6DCFF34527E4A4F8FF43">>},
 {<<"ssl_verify_fun">>, <<"13104D7897E38ED7F044C4DE953A6C28597D1C952075EB2E328BC6D6F2BFC496">>},
 {<<"unicode_util_compat">>, <<"1D1848C40487CDB0B30E8ED975E34E025860C02E419CB615D255849F3427439D">>}]}
].
